// !$*UTF8*$!
{
	archiveVersion = 1;
	classes = {
	};
	objectVersion = 50;
	objects = {

/* Begin PBXBuildFile section */
		DD81F04B235A6C1D00DB4AF8 /* AppDelegate.swift in Sources */ = {isa = PBXBuildFile; fileRef = DD81F04A235A6C1D00DB4AF8 /* AppDelegate.swift */; };
		DD81F04D235A6C1D00DB4AF8 /* ViewController.swift in Sources */ = {isa = PBXBuildFile; fileRef = DD81F04C235A6C1D00DB4AF8 /* ViewController.swift */; };
		DD81F050235A6C1D00DB4AF8 /* Main.storyboard in Resources */ = {isa = PBXBuildFile; fileRef = DD81F04E235A6C1D00DB4AF8 /* Main.storyboard */; };
		DD81F052235A6C1F00DB4AF8 /* Assets.xcassets in Resources */ = {isa = PBXBuildFile; fileRef = DD81F051235A6C1F00DB4AF8 /* Assets.xcassets */; };
		DD81F055235A6C1F00DB4AF8 /* LaunchScreen.storyboard in Resources */ = {isa = PBXBuildFile; fileRef = DD81F053235A6C1F00DB4AF8 /* LaunchScreen.storyboard */; };
		DD81F060235A6C1F00DB4AF8 /* flixsterTests.swift in Sources */ = {isa = PBXBuildFile; fileRef = DD81F05F235A6C1F00DB4AF8 /* flixsterTests.swift */; };
		DD81F06B235A6C1F00DB4AF8 /* flixsterUITests.swift in Sources */ = {isa = PBXBuildFile; fileRef = DD81F06A235A6C1F00DB4AF8 /* flixsterUITests.swift */; };
/* End PBXBuildFile section */

/* Begin PBXContainerItemProxy section */
		DD81F05C235A6C1F00DB4AF8 /* PBXContainerItemProxy */ = {
			isa = PBXContainerItemProxy;
			containerPortal = DD81F03F235A6C1D00DB4AF8 /* Project object */;
			proxyType = 1;
			remoteGlobalIDString = DD81F046235A6C1D00DB4AF8;
			remoteInfo = flixster;
		};
		DD81F067235A6C1F00DB4AF8 /* PBXContainerItemProxy */ = {
			isa = PBXContainerItemProxy;
			containerPortal = DD81F03F235A6C1D00DB4AF8 /* Project object */;
			proxyType = 1;
			remoteGlobalIDString = DD81F046235A6C1D00DB4AF8;
			remoteInfo = flixster;
		};
/* End PBXContainerItemProxy section */

/* Begin PBXFileReference section */
		DD81F047235A6C1D00DB4AF8 /* flixster.app */ = {isa = PBXFileReference; explicitFileType = wrapper.application; includeInIndex = 0; path = flixster.app; sourceTree = BUILT_PRODUCTS_DIR; };
		DD81F04A235A6C1D00DB4AF8 /* AppDelegate.swift */ = {isa = PBXFileReference; lastKnownFileType = sourcecode.swift; path = AppDelegate.swift; sourceTree = "<group>"; };
		DD81F04C235A6C1D00DB4AF8 /* ViewController.swift */ = {isa = PBXFileReference; lastKnownFileType = sourcecode.swift; path = ViewController.swift; sourceTree = "<group>"; };
		DD81F04F235A6C1D00DB4AF8 /* Base */ = {isa = PBXFileReference; lastKnownFileType = file.storyboard; name = Base; path = Base.lproj/Main.storyboard; sourceTree = "<group>"; };
		DD81F051235A6C1F00DB4AF8 /* Assets.xcassets */ = {isa = PBXFileReference; lastKnownFileType = folder.assetcatalog; path = Assets.xcassets; sourceTree = "<group>"; };
		DD81F054235A6C1F00DB4AF8 /* Base */ = {isa = PBXFileReference; lastKnownFileType = file.storyboard; name = Base; path = Base.lproj/LaunchScreen.storyboard; sourceTree = "<group>"; };
		DD81F056235A6C1F00DB4AF8 /* Info.plist */ = {isa = PBXFileReference; lastKnownFileType = text.plist.xml; path = Info.plist; sourceTree = "<group>"; };
		DD81F05B235A6C1F00DB4AF8 /* flixsterTests.xctest */ = {isa = PBXFileReference; explicitFileType = wrapper.cfbundle; includeInIndex = 0; path = flixsterTests.xctest; sourceTree = BUILT_PRODUCTS_DIR; };
		DD81F05F235A6C1F00DB4AF8 /* flixsterTests.swift */ = {isa = PBXFileReference; lastKnownFileType = sourcecode.swift; path = flixsterTests.swift; sourceTree = "<group>"; };
		DD81F061235A6C1F00DB4AF8 /* Info.plist */ = {isa = PBXFileReference; lastKnownFileType = text.plist.xml; path = Info.plist; sourceTree = "<group>"; };
		DD81F066235A6C1F00DB4AF8 /* flixsterUITests.xctest */ = {isa = PBXFileReference; explicitFileType = wrapper.cfbundle; includeInIndex = 0; path = flixsterUITests.xctest; sourceTree = BUILT_PRODUCTS_DIR; };
		DD81F06A235A6C1F00DB4AF8 /* flixsterUITests.swift */ = {isa = PBXFileReference; lastKnownFileType = sourcecode.swift; path = flixsterUITests.swift; sourceTree = "<group>"; };
		DD81F06C235A6C1F00DB4AF8 /* Info.plist */ = {isa = PBXFileReference; lastKnownFileType = text.plist.xml; path = Info.plist; sourceTree = "<group>"; };
/* End PBXFileReference section */

/* Begin PBXFrameworksBuildPhase section */
		DD81F044235A6C1D00DB4AF8 /* Frameworks */ = {
			isa = PBXFrameworksBuildPhase;
			buildActionMask = 2147483647;
			files = (
			);
			runOnlyForDeploymentPostprocessing = 0;
		};
		DD81F058235A6C1F00DB4AF8 /* Frameworks */ = {
			isa = PBXFrameworksBuildPhase;
			buildActionMask = 2147483647;
			files = (
			);
			runOnlyForDeploymentPostprocessing = 0;
		};
		DD81F063235A6C1F00DB4AF8 /* Frameworks */ = {
			isa = PBXFrameworksBuildPhase;
			buildActionMask = 2147483647;
			files = (
			);
			runOnlyForDeploymentPostprocessing = 0;
		};
/* End PBXFrameworksBuildPhase section */

/* Begin PBXGroup section */
		DD81F03E235A6C1D00DB4AF8 = {
			isa = PBXGroup;
			children = (
				DD81F049235A6C1D00DB4AF8 /* flixster */,
				DD81F05E235A6C1F00DB4AF8 /* flixsterTests */,
				DD81F069235A6C1F00DB4AF8 /* flixsterUITests */,
				DD81F048235A6C1D00DB4AF8 /* Products */,
			);
			sourceTree = "<group>";
		};
		DD81F048235A6C1D00DB4AF8 /* Products */ = {
			isa = PBXGroup;
			children = (
				DD81F047235A6C1D00DB4AF8 /* flixster.app */,
				DD81F05B235A6C1F00DB4AF8 /* flixsterTests.xctest */,
				DD81F066235A6C1F00DB4AF8 /* flixsterUITests.xctest */,
			);
			name = Products;
			sourceTree = "<group>";
		};
		DD81F049235A6C1D00DB4AF8 /* flixster */ = {
			isa = PBXGroup;
			children = (
				DD81F04A235A6C1D00DB4AF8 /* AppDelegate.swift */,
				DD81F04C235A6C1D00DB4AF8 /* ViewController.swift */,
				DD81F04E235A6C1D00DB4AF8 /* Main.storyboard */,
				DD81F051235A6C1F00DB4AF8 /* Assets.xcassets */,
				DD81F053235A6C1F00DB4AF8 /* LaunchScreen.storyboard */,
				DD81F056235A6C1F00DB4AF8 /* Info.plist */,
			);
			path = flixster;
			sourceTree = "<group>";
		};
		DD81F05E235A6C1F00DB4AF8 /* flixsterTests */ = {
			isa = PBXGroup;
			children = (
				DD81F05F235A6C1F00DB4AF8 /* flixsterTests.swift */,
				DD81F061235A6C1F00DB4AF8 /* Info.plist */,
			);
			path = flixsterTests;
			sourceTree = "<group>";
		};
		DD81F069235A6C1F00DB4AF8 /* flixsterUITests */ = {
			isa = PBXGroup;
			children = (
				DD81F06A235A6C1F00DB4AF8 /* flixsterUITests.swift */,
				DD81F06C235A6C1F00DB4AF8 /* Info.plist */,
			);
			path = flixsterUITests;
			sourceTree = "<group>";
		};
/* End PBXGroup section */

/* Begin PBXNativeTarget section */
		DD81F046235A6C1D00DB4AF8 /* flixster */ = {
			isa = PBXNativeTarget;
			buildConfigurationList = DD81F06F235A6C1F00DB4AF8 /* Build configuration list for PBXNativeTarget "flixster" */;
			buildPhases = (
				DD81F043235A6C1D00DB4AF8 /* Sources */,
				DD81F044235A6C1D00DB4AF8 /* Frameworks */,
				DD81F045235A6C1D00DB4AF8 /* Resources */,
			);
			buildRules = (
			);
			dependencies = (
			);
			name = flixster;
			productName = flixster;
			productReference = DD81F047235A6C1D00DB4AF8 /* flixster.app */;
			productType = "com.apple.product-type.application";
		};
		DD81F05A235A6C1F00DB4AF8 /* flixsterTests */ = {
			isa = PBXNativeTarget;
			buildConfigurationList = DD81F072235A6C1F00DB4AF8 /* Build configuration list for PBXNativeTarget "flixsterTests" */;
			buildPhases = (
				DD81F057235A6C1F00DB4AF8 /* Sources */,
				DD81F058235A6C1F00DB4AF8 /* Frameworks */,
				DD81F059235A6C1F00DB4AF8 /* Resources */,
			);
			buildRules = (
			);
			dependencies = (
				DD81F05D235A6C1F00DB4AF8 /* PBXTargetDependency */,
			);
			name = flixsterTests;
			productName = flixsterTests;
			productReference = DD81F05B235A6C1F00DB4AF8 /* flixsterTests.xctest */;
			productType = "com.apple.product-type.bundle.unit-test";
		};
		DD81F065235A6C1F00DB4AF8 /* flixsterUITests */ = {
			isa = PBXNativeTarget;
			buildConfigurationList = DD81F075235A6C1F00DB4AF8 /* Build configuration list for PBXNativeTarget "flixsterUITests" */;
			buildPhases = (
				DD81F062235A6C1F00DB4AF8 /* Sources */,
				DD81F063235A6C1F00DB4AF8 /* Frameworks */,
				DD81F064235A6C1F00DB4AF8 /* Resources */,
			);
			buildRules = (
			);
			dependencies = (
				DD81F068235A6C1F00DB4AF8 /* PBXTargetDependency */,
			);
			name = flixsterUITests;
			productName = flixsterUITests;
			productReference = DD81F066235A6C1F00DB4AF8 /* flixsterUITests.xctest */;
			productType = "com.apple.product-type.bundle.ui-testing";
		};
/* End PBXNativeTarget section */

/* Begin PBXProject section */
		DD81F03F235A6C1D00DB4AF8 /* Project object */ = {
			isa = PBXProject;
			attributes = {
				LastSwiftUpdateCheck = 1000;
				LastUpgradeCheck = 1000;
				ORGANIZATIONNAME = "Angela Wen";
				TargetAttributes = {
					DD81F046235A6C1D00DB4AF8 = {
						CreatedOnToolsVersion = 10.0;
					};
					DD81F05A235A6C1F00DB4AF8 = {
						CreatedOnToolsVersion = 10.0;
						TestTargetID = DD81F046235A6C1D00DB4AF8;
					};
					DD81F065235A6C1F00DB4AF8 = {
						CreatedOnToolsVersion = 10.0;
						TestTargetID = DD81F046235A6C1D00DB4AF8;
					};
				};
			};
			buildConfigurationList = DD81F042235A6C1D00DB4AF8 /* Build configuration list for PBXProject "flixster" */;
			compatibilityVersion = "Xcode 9.3";
			developmentRegion = en;
			hasScannedForEncodings = 0;
			knownRegions = (
				en,
				Base,
			);
			mainGroup = DD81F03E235A6C1D00DB4AF8;
			productRefGroup = DD81F048235A6C1D00DB4AF8 /* Products */;
			projectDirPath = "";
			projectRoot = "";
			targets = (
				DD81F046235A6C1D00DB4AF8 /* flixster */,
				DD81F05A235A6C1F00DB4AF8 /* flixsterTests */,
				DD81F065235A6C1F00DB4AF8 /* flixsterUITests */,
			);
		};
/* End PBXProject section */

/* Begin PBXResourcesBuildPhase section */
		DD81F045235A6C1D00DB4AF8 /* Resources */ = {
			isa = PBXResourcesBuildPhase;
			buildActionMask = 2147483647;
			files = (
				DD81F055235A6C1F00DB4AF8 /* LaunchScreen.storyboard in Resources */,
				DD81F052235A6C1F00DB4AF8 /* Assets.xcassets in Resources */,
				DD81F050235A6C1D00DB4AF8 /* Main.storyboard in Resources */,
			);
			runOnlyForDeploymentPostprocessing = 0;
		};
		DD81F059235A6C1F00DB4AF8 /* Resources */ = {
			isa = PBXResourcesBuildPhase;
			buildActionMask = 2147483647;
			files = (
			);
			runOnlyForDeploymentPostprocessing = 0;
		};
		DD81F064235A6C1F00DB4AF8 /* Resources */ = {
			isa = PBXResourcesBuildPhase;
			buildActionMask = 2147483647;
			files = (
			);
			runOnlyForDeploymentPostprocessing = 0;
		};
/* End PBXResourcesBuildPhase section */

/* Begin PBXSourcesBuildPhase section */
		DD81F043235A6C1D00DB4AF8 /* Sources */ = {
			isa = PBXSourcesBuildPhase;
			buildActionMask = 2147483647;
			files = (
				DD81F04D235A6C1D00DB4AF8 /* ViewController.swift in Sources */,
				DD81F04B235A6C1D00DB4AF8 /* AppDelegate.swift in Sources */,
			);
			runOnlyForDeploymentPostprocessing = 0;
		};
		DD81F057235A6C1F00DB4AF8 /* Sources */ = {
			isa = PBXSourcesBuildPhase;
			buildActionMask = 2147483647;
			files = (
				DD81F060235A6C1F00DB4AF8 /* flixsterTests.swift in Sources */,
			);
			runOnlyForDeploymentPostprocessing = 0;
		};
		DD81F062235A6C1F00DB4AF8 /* Sources */ = {
			isa = PBXSourcesBuildPhase;
			buildActionMask = 2147483647;
			files = (
				DD81F06B235A6C1F00DB4AF8 /* flixsterUITests.swift in Sources */,
			);
			runOnlyForDeploymentPostprocessing = 0;
		};
/* End PBXSourcesBuildPhase section */

/* Begin PBXTargetDependency section */
		DD81F05D235A6C1F00DB4AF8 /* PBXTargetDependency */ = {
			isa = PBXTargetDependency;
			target = DD81F046235A6C1D00DB4AF8 /* flixster */;
			targetProxy = DD81F05C235A6C1F00DB4AF8 /* PBXContainerItemProxy */;
		};
		DD81F068235A6C1F00DB4AF8 /* PBXTargetDependency */ = {
			isa = PBXTargetDependency;
			target = DD81F046235A6C1D00DB4AF8 /* flixster */;
			targetProxy = DD81F067235A6C1F00DB4AF8 /* PBXContainerItemProxy */;
		};
/* End PBXTargetDependency section */

/* Begin PBXVariantGroup section */
		DD81F04E235A6C1D00DB4AF8 /* Main.storyboard */ = {
			isa = PBXVariantGroup;
			children = (
				DD81F04F235A6C1D00DB4AF8 /* Base */,
			);
			name = Main.storyboard;
			sourceTree = "<group>";
		};
		DD81F053235A6C1F00DB4AF8 /* LaunchScreen.storyboard */ = {
			isa = PBXVariantGroup;
			children = (
				DD81F054235A6C1F00DB4AF8 /* Base */,
			);
			name = LaunchScreen.storyboard;
			sourceTree = "<group>";
		};
/* End PBXVariantGroup section */

/* Begin XCBuildConfiguration section */
		DD81F06D235A6C1F00DB4AF8 /* Debug */ = {
			isa = XCBuildConfiguration;
			buildSettings = {
				ALWAYS_SEARCH_USER_PATHS = NO;
				CLANG_ANALYZER_NONNULL = YES;
				CLANG_ANALYZER_NUMBER_OBJECT_CONVERSION = YES_AGGRESSIVE;
				CLANG_CXX_LANGUAGE_STANDARD = "gnu++14";
				CLANG_CXX_LIBRARY = "libc++";
				CLANG_ENABLE_MODULES = YES;
				CLANG_ENABLE_OBJC_ARC = YES;
				CLANG_ENABLE_OBJC_WEAK = YES;
				CLANG_WARN_BLOCK_CAPTURE_AUTORELEASING = YES;
				CLANG_WARN_BOOL_CONVERSION = YES;
				CLANG_WARN_COMMA = YES;
				CLANG_WARN_CONSTANT_CONVERSION = YES;
				CLANG_WARN_DEPRECATED_OBJC_IMPLEMENTATIONS = YES;
				CLANG_WARN_DIRECT_OBJC_ISA_USAGE = YES_ERROR;
				CLANG_WARN_DOCUMENTATION_COMMENTS = YES;
				CLANG_WARN_EMPTY_BODY = YES;
				CLANG_WARN_ENUM_CONVERSION = YES;
				CLANG_WARN_INFINITE_RECURSION = YES;
				CLANG_WARN_INT_CONVERSION = YES;
				CLANG_WARN_NON_LITERAL_NULL_CONVERSION = YES;
				CLANG_WARN_OBJC_IMPLICIT_RETAIN_SELF = YES;
				CLANG_WARN_OBJC_LITERAL_CONVERSION = YES;
				CLANG_WARN_OBJC_ROOT_CLASS = YES_ERROR;
				CLANG_WARN_RANGE_LOOP_ANALYSIS = YES;
				CLANG_WARN_STRICT_PROTOTYPES = YES;
				CLANG_WARN_SUSPICIOUS_MOVE = YES;
				CLANG_WARN_UNGUARDED_AVAILABILITY = YES_AGGRESSIVE;
				CLANG_WARN_UNREACHABLE_CODE = YES;
				CLANG_WARN__DUPLICATE_METHOD_MATCH = YES;
				CODE_SIGN_IDENTITY = "iPhone Developer";
				COPY_PHASE_STRIP = NO;
				DEBUG_INFORMATION_FORMAT = dwarf;
				ENABLE_STRICT_OBJC_MSGSEND = YES;
				ENABLE_TESTABILITY = YES;
				GCC_C_LANGUAGE_STANDARD = gnu11;
				GCC_DYNAMIC_NO_PIC = NO;
				GCC_NO_COMMON_BLOCKS = YES;
				GCC_OPTIMIZATION_LEVEL = 0;
				GCC_PREPROCESSOR_DEFINITIONS = (
					"DEBUG=1",
					"$(inherited)",
				);
				GCC_WARN_64_TO_32_BIT_CONVERSION = YES;
				GCC_WARN_ABOUT_RETURN_TYPE = YES_ERROR;
				GCC_WARN_UNDECLARED_SELECTOR = YES;
				GCC_WARN_UNINITIALIZED_AUTOS = YES_AGGRESSIVE;
				GCC_WARN_UNUSED_FUNCTION = YES;
				GCC_WARN_UNUSED_VARIABLE = YES;
				IPHONEOS_DEPLOYMENT_TARGET = 12.0;
				MTL_ENABLE_DEBUG_INFO = INCLUDE_SOURCE;
				MTL_FAST_MATH = YES;
				ONLY_ACTIVE_ARCH = YES;
				SDKROOT = iphoneos;
				SWIFT_ACTIVE_COMPILATION_CONDITIONS = DEBUG;
				SWIFT_OPTIMIZATION_LEVEL = "-Onone";
			};
			name = Debug;
		};
		DD81F06E235A6C1F00DB4AF8 /* Release */ = {
			isa = XCBuildConfiguration;
			buildSettings = {
				ALWAYS_SEARCH_USER_PATHS = NO;
				CLANG_ANALYZER_NONNULL = YES;
				CLANG_ANALYZER_NUMBER_OBJECT_CONVERSION = YES_AGGRESSIVE;
				CLANG_CXX_LANGUAGE_STANDARD = "gnu++14";
				CLANG_CXX_LIBRARY = "libc++";
				CLANG_ENABLE_MODULES = YES;
				CLANG_ENABLE_OBJC_ARC = YES;
				CLANG_ENABLE_OBJC_WEAK = YES;
				CLANG_WARN_BLOCK_CAPTURE_AUTORELEASING = YES;
				CLANG_WARN_BOOL_CONVERSION = YES;
				CLANG_WARN_COMMA = YES;
				CLANG_WARN_CONSTANT_CONVERSION = YES;
				CLANG_WARN_DEPRECATED_OBJC_IMPLEMENTATIONS = YES;
				CLANG_WARN_DIRECT_OBJC_ISA_USAGE = YES_ERROR;
				CLANG_WARN_DOCUMENTATION_COMMENTS = YES;
				CLANG_WARN_EMPTY_BODY = YES;
				CLANG_WARN_ENUM_CONVERSION = YES;
				CLANG_WARN_INFINITE_RECURSION = YES;
				CLANG_WARN_INT_CONVERSION = YES;
				CLANG_WARN_NON_LITERAL_NULL_CONVERSION = YES;
				CLANG_WARN_OBJC_IMPLICIT_RETAIN_SELF = YES;
				CLANG_WARN_OBJC_LITERAL_CONVERSION = YES;
				CLANG_WARN_OBJC_ROOT_CLASS = YES_ERROR;
				CLANG_WARN_RANGE_LOOP_ANALYSIS = YES;
				CLANG_WARN_STRICT_PROTOTYPES = YES;
				CLANG_WARN_SUSPICIOUS_MOVE = YES;
				CLANG_WARN_UNGUARDED_AVAILABILITY = YES_AGGRESSIVE;
				CLANG_WARN_UNREACHABLE_CODE = YES;
				CLANG_WARN__DUPLICATE_METHOD_MATCH = YES;
				CODE_SIGN_IDENTITY = "iPhone Developer";
				COPY_PHASE_STRIP = NO;
				DEBUG_INFORMATION_FORMAT = "dwarf-with-dsym";
				ENABLE_NS_ASSERTIONS = NO;
				ENABLE_STRICT_OBJC_MSGSEND = YES;
				GCC_C_LANGUAGE_STANDARD = gnu11;
				GCC_NO_COMMON_BLOCKS = YES;
				GCC_WARN_64_TO_32_BIT_CONVERSION = YES;
				GCC_WARN_ABOUT_RETURN_TYPE = YES_ERROR;
				GCC_WARN_UNDECLARED_SELECTOR = YES;
				GCC_WARN_UNINITIALIZED_AUTOS = YES_AGGRESSIVE;
				GCC_WARN_UNUSED_FUNCTION = YES;
				GCC_WARN_UNUSED_VARIABLE = YES;
				IPHONEOS_DEPLOYMENT_TARGET = 12.0;
				MTL_ENABLE_DEBUG_INFO = NO;
				MTL_FAST_MATH = YES;
				SDKROOT = iphoneos;
				SWIFT_COMPILATION_MODE = wholemodule;
				SWIFT_OPTIMIZATION_LEVEL = "-O";
				VALIDATE_PRODUCT = YES;
			};
			name = Release;
		};
		DD81F070235A6C1F00DB4AF8 /* Debug */ = {
			isa = XCBuildConfiguration;
			buildSettings = {
				ASSETCATALOG_COMPILER_APPICON_NAME = AppIcon;
				CODE_SIGN_STYLE = Automatic;
				INFOPLIST_FILE = flixster/Info.plist;
				LD_RUNPATH_SEARCH_PATHS = (
					"$(inherited)",
					"@executable_path/Frameworks",
				);
				PRODUCT_BUNDLE_IDENTIFIER = angelapwen.flixster;
				PRODUCT_NAME = "$(TARGET_NAME)";
				SWIFT_VERSION = 4.2;
				TARGETED_DEVICE_FAMILY = "1,2";
			};
			name = Debug;
		};
		DD81F071235A6C1F00DB4AF8 /* Release */ = {
			isa = XCBuildConfiguration;
			buildSettings = {
				ASSETCATALOG_COMPILER_APPICON_NAME = AppIcon;
				CODE_SIGN_STYLE = Automatic;
				INFOPLIST_FILE = flixster/Info.plist;
				LD_RUNPATH_SEARCH_PATHS = (
					"$(inherited)",
					"@executable_path/Frameworks",
				);
				PRODUCT_BUNDLE_IDENTIFIER = angelapwen.flixster;
				PRODUCT_NAME = "$(TARGET_NAME)";
				SWIFT_VERSION = 4.2;
				TARGETED_DEVICE_FAMILY = "1,2";
			};
			name = Release;
		};
		DD81F073235A6C1F00DB4AF8 /* Debug */ = {
			isa = XCBuildConfiguration;
			buildSettings = {
				ALWAYS_EMBED_SWIFT_STANDARD_LIBRARIES = YES;
				BUNDLE_LOADER = "$(TEST_HOST)";
				CODE_SIGN_STYLE = Automatic;
				INFOPLIST_FILE = flixsterTests/Info.plist;
				LD_RUNPATH_SEARCH_PATHS = (
					"$(inherited)",
					"@executable_path/Frameworks",
					"@loader_path/Frameworks",
				);
				PRODUCT_BUNDLE_IDENTIFIER = angelapwen.flixsterTests;
				PRODUCT_NAME = "$(TARGET_NAME)";
				SWIFT_VERSION = 4.2;
				TARGETED_DEVICE_FAMILY = "1,2";
				TEST_HOST = "$(BUILT_PRODUCTS_DIR)/flixster.app/flixster";
			};
			name = Debug;
		};
		DD81F074235A6C1F00DB4AF8 /* Release */ = {
			isa = XCBuildConfiguration;
			buildSettings = {
				ALWAYS_EMBED_SWIFT_STANDARD_LIBRARIES = YES;
				BUNDLE_LOADER = "$(TEST_HOST)";
				CODE_SIGN_STYLE = Automatic;
				INFOPLIST_FILE = flixsterTests/Info.plist;
				LD_RUNPATH_SEARCH_PATHS = (
					"$(inherited)",
					"@executable_path/Frameworks",
					"@loader_path/Frameworks",
				);
				PRODUCT_BUNDLE_IDENTIFIER = angelapwen.flixsterTests;
				PRODUCT_NAME = "$(TARGET_NAME)";
				SWIFT_VERSION = 4.2;
				TARGETED_DEVICE_FAMILY = "1,2";
				TEST_HOST = "$(BUILT_PRODUCTS_DIR)/flixster.app/flixster";
			};
			name = Release;
		};
		DD81F076235A6C1F00DB4AF8 /* Debug */ = {
			isa = XCBuildConfiguration;
			buildSettings = {
				ALWAYS_EMBED_SWIFT_STANDARD_LIBRARIES = YES;
				CODE_SIGN_STYLE = Automatic;
				INFOPLIST_FILE = flixsterUITests/Info.plist;
				LD_RUNPATH_SEARCH_PATHS = (
					"$(inherited)",
					"@executable_path/Frameworks",
					"@loader_path/Frameworks",
				);
				PRODUCT_BUNDLE_IDENTIFIER = angelapwen.flixsterUITests;
				PRODUCT_NAME = "$(TARGET_NAME)";
				SWIFT_VERSION = 4.2;
				TARGETED_DEVICE_FAMILY = "1,2";
				TEST_TARGET_NAME = flixster;
			};
			name = Debug;
		};
		DD81F077235A6C1F00DB4AF8 /* Release */ = {
			isa = XCBuildConfiguration;
			buildSettings = {
				ALWAYS_EMBED_SWIFT_STANDARD_LIBRARIES = YES;
				CODE_SIGN_STYLE = Automatic;
				INFOPLIST_FILE = flixsterUITests/Info.plist;
				LD_RUNPATH_SEARCH_PATHS = (
					"$(inherited)",
					"@executable_path/Frameworks",
					"@loader_path/Frameworks",
				);
				PRODUCT_BUNDLE_IDENTIFIER = angelapwen.flixsterUITests;
				PRODUCT_NAME = "$(TARGET_NAME)";
				SWIFT_VERSION = 4.2;
				TARGETED_DEVICE_FAMILY = "1,2";
				TEST_TARGET_NAME = flixster;
			};
			name = Release;
		};
/* End XCBuildConfiguration section */

/* Begin XCConfigurationList section */
		DD81F042235A6C1D00DB4AF8 /* Build configuration list for PBXProject "flixster" */ = {
			isa = XCConfigurationList;
			buildConfigurations = (
				DD81F06D235A6C1F00DB4AF8 /* Debug */,
				DD81F06E235A6C1F00DB4AF8 /* Release */,
			);
			defaultConfigurationIsVisible = 0;
			defaultConfigurationName = Release;
		};
		DD81F06F235A6C1F00DB4AF8 /* Build configuration list for PBXNativeTarget "flixster" */ = {
			isa = XCConfigurationList;
			buildConfigurations = (
				DD81F070235A6C1F00DB4AF8 /* Debug */,
				DD81F071235A6C1F00DB4AF8 /* Release */,
			);
			defaultConfigurationIsVisible = 0;
			defaultConfigurationName = Release;
		};
		DD81F072235A6C1F00DB4AF8 /* Build configuration list for PBXNativeTarget "flixsterTests" */ = {
			isa = XCConfigurationList;
			buildConfigurations = (
				DD81F073235A6C1F00DB4AF8 /* Debug */,
				DD81F074235A6C1F00DB4AF8 /* Release */,
			);
			defaultConfigurationIsVisible = 0;
			defaultConfigurationName = Release;
		};
		DD81F075235A6C1F00DB4AF8 /* Build configuration list for PBXNativeTarget "flixsterUITests" */ = {
			isa = XCConfigurationList;
			buildConfigurations = (
				DD81F076235A6C1F00DB4AF8 /* Debug */,
				DD81F077235A6C1F00DB4AF8 /* Release */,
			);
			defaultConfigurationIsVisible = 0;
			defaultConfigurationName = Release;
		};
/* End XCConfigurationList section */
	};
	rootObject = DD81F03F235A6C1D00DB4AF8 /* Project object */;
}
